
Microsoft Visual Studio Solution File, Format Version 12.00
# Visual Studio Version 16
VisualStudioVersion = 16.0.31829.152
MinimumVisualStudioVersion = 10.0.40219.1
Project("{9A19103F-16F7-4668-BE54-9A1E7A4F7556}") = "DiplomskiPokusaj1", "DiplomskiPokusaj1\DiplomskiPokusaj1.csproj", "{4E3264B3-2E19-4FBC-83AF-D655E4A9B817}"
EndProject
Project("{E53339B2-1760-4266-BCC7-CA923CBCF16C}") = "docker-compose", "docker-compose.dcproj", "{C4213586-E275-420C-87E8-569787496B93}"
EndProject
Global
	GlobalSection(SolutionConfigurationPlatforms) = preSolution
		Debug|Any CPU = Debug|Any CPU
		Release|Any CPU = Release|Any CPU
	EndGlobalSection
	GlobalSection(ProjectConfigurationPlatforms) = postSolution
		{4E3264B3-2E19-4FBC-83AF-D655E4A9B817}.Debug|Any CPU.ActiveCfg = Debug|Any CPU
		{4E3264B3-2E19-4FBC-83AF-D655E4A9B817}.Debug|Any CPU.Build.0 = Debug|Any CPU
		{4E3264B3-2E19-4FBC-83AF-D655E4A9B817}.Release|Any CPU.ActiveCfg = Release|Any CPU
		{4E3264B3-2E19-4FBC-83AF-D655E4A9B817}.Release|Any CPU.Build.0 = Release|Any CPU
		{C4213586-E275-420C-87E8-569787496B93}.Debug|Any CPU.ActiveCfg = Debug|Any CPU
		{C4213586-E275-420C-87E8-569787496B93}.Debug|Any CPU.Build.0 = Debug|Any CPU
		{C4213586-E275-420C-87E8-569787496B93}.Release|Any CPU.ActiveCfg = Release|Any CPU
		{C4213586-E275-420C-87E8-569787496B93}.Release|Any CPU.Build.0 = Release|Any CPU
	EndGlobalSection
	GlobalSection(SolutionProperties) = preSolution
		HideSolutionNode = FALSE
	EndGlobalSection
	GlobalSection(ExtensibilityGlobals) = postSolution
		SolutionGuid = {04D6541D-3CFE-4609-8DF3-FD378831A252}
	EndGlobalSection
EndGlobal
